
Microsoft Visual Studio Solution File, Format Version 12.00
# Visual Studio Version 17
VisualStudioVersion = 17.3.32929.385
MinimumVisualStudioVersion = 10.0.40219.1
Project("{FAE04EC0-301F-11D3-BF4B-00C04F79EFBC}") = "RabbitMq.Watermark", "RabbitMq.Watermark\RabbitMq.Watermark.csproj", "{8EED7980-6AC5-4115-9CAB-5AED26446931}"
EndProject
Global
	GlobalSection(SolutionConfigurationPlatforms) = preSolution
		Debug|Any CPU = Debug|Any CPU
		Release|Any CPU = Release|Any CPU
	EndGlobalSection
	GlobalSection(ProjectConfigurationPlatforms) = postSolution
		{8EED7980-6AC5-4115-9CAB-5AED26446931}.Debug|Any CPU.ActiveCfg = Debug|Any CPU
		{8EED7980-6AC5-4115-9CAB-5AED26446931}.Debug|Any CPU.Build.0 = Debug|Any CPU
		{8EED7980-6AC5-4115-9CAB-5AED26446931}.Release|Any CPU.ActiveCfg = Release|Any CPU
		{8EED7980-6AC5-4115-9CAB-5AED26446931}.Release|Any CPU.Build.0 = Release|Any CPU
	EndGlobalSection
	GlobalSection(SolutionProperties) = preSolution
		HideSolutionNode = FALSE
	EndGlobalSection
	GlobalSection(ExtensibilityGlobals) = postSolution
		SolutionGuid = {B4ABBED8-DECF-4F41-83E4-E5B6C8850CE8}
	EndGlobalSection
EndGlobal
